
Microsoft Visual Studio Solution File, Format Version 12.00
# Visual Studio Version 16
VisualStudioVersion = 16.0.28803.352
MinimumVisualStudioVersion = 10.0.40219.1
Project("{FAE04EC0-301F-11D3-BF4B-00C04F79EFBC}") = "LogIn_Feature", "LogIn_Feature\LogIn_Feature.csproj", "{EB421012-003D-41BE-A32A-F3CDB6EE4605}"
EndProject
Global
	GlobalSection(SolutionConfigurationPlatforms) = preSolution
		Debug|Any CPU = Debug|Any CPU
		Release|Any CPU = Release|Any CPU
	EndGlobalSection
	GlobalSection(ProjectConfigurationPlatforms) = postSolution
		{EB421012-003D-41BE-A32A-F3CDB6EE4605}.Debug|Any CPU.ActiveCfg = Debug|Any CPU
		{EB421012-003D-41BE-A32A-F3CDB6EE4605}.Debug|Any CPU.Build.0 = Debug|Any CPU
		{EB421012-003D-41BE-A32A-F3CDB6EE4605}.Release|Any CPU.ActiveCfg = Release|Any CPU
		{EB421012-003D-41BE-A32A-F3CDB6EE4605}.Release|Any CPU.Build.0 = Release|Any CPU
	EndGlobalSection
	GlobalSection(SolutionProperties) = preSolution
		HideSolutionNode = FALSE
	EndGlobalSection
	GlobalSection(ExtensibilityGlobals) = postSolution
		SolutionGuid = {7D57A988-86E1-484B-806F-5304A30D6DC7}
	EndGlobalSection
EndGlobal
